// !$*UTF8*$!
{
	archiveVersion = 1;
	classes = {
	};
	objectVersion = 46;
	objects = {

/* Begin PBXBuildFile section */
		D8DDA0071CBDD22E00832676 /* AppDelegate.swift in Sources */ = {isa = PBXBuildFile; fileRef = D8DDA0061CBDD22E00832676 /* AppDelegate.swift */; };
		D8DDA0091CBDD22E00832676 /* ViewController.swift in Sources */ = {isa = PBXBuildFile; fileRef = D8DDA0081CBDD22E00832676 /* ViewController.swift */; };
		D8DDA00C1CBDD22E00832676 /* Main.storyboard in Resources */ = {isa = PBXBuildFile; fileRef = D8DDA00A1CBDD22E00832676 /* Main.storyboard */; };
		D8DDA00E1CBDD22E00832676 /* Assets.xcassets in Resources */ = {isa = PBXBuildFile; fileRef = D8DDA00D1CBDD22E00832676 /* Assets.xcassets */; };
		D8DDA0111CBDD22E00832676 /* LaunchScreen.storyboard in Resources */ = {isa = PBXBuildFile; fileRef = D8DDA00F1CBDD22E00832676 /* LaunchScreen.storyboard */; };
		D8DDA01C1CBDD22E00832676 /* ClarifaiAPITestTests.swift in Sources */ = {isa = PBXBuildFile; fileRef = D8DDA01B1CBDD22E00832676 /* ClarifaiAPITestTests.swift */; };
		D8DDA0271CBDD22E00832676 /* ClarifaiAPITestUITests.swift in Sources */ = {isa = PBXBuildFile; fileRef = D8DDA0261CBDD22E00832676 /* ClarifaiAPITestUITests.swift */; };
/* End PBXBuildFile section */

/* Begin PBXContainerItemProxy section */
		D8DDA0181CBDD22E00832676 /* PBXContainerItemProxy */ = {
			isa = PBXContainerItemProxy;
			containerPortal = D8DD9FFB1CBDD22D00832676 /* Project object */;
			proxyType = 1;
			remoteGlobalIDString = D8DDA0021CBDD22E00832676;
			remoteInfo = ClarifaiAPITest;
		};
		D8DDA0231CBDD22E00832676 /* PBXContainerItemProxy */ = {
			isa = PBXContainerItemProxy;
			containerPortal = D8DD9FFB1CBDD22D00832676 /* Project object */;
			proxyType = 1;
			remoteGlobalIDString = D8DDA0021CBDD22E00832676;
			remoteInfo = ClarifaiAPITest;
		};
/* End PBXContainerItemProxy section */

/* Begin PBXFileReference section */
		D8DDA0031CBDD22E00832676 /* ClarifaiAPITest.app */ = {isa = PBXFileReference; explicitFileType = wrapper.application; includeInIndex = 0; path = ClarifaiAPITest.app; sourceTree = BUILT_PRODUCTS_DIR; };
		D8DDA0061CBDD22E00832676 /* AppDelegate.swift */ = {isa = PBXFileReference; lastKnownFileType = sourcecode.swift; path = AppDelegate.swift; sourceTree = "<group>"; };
		D8DDA0081CBDD22E00832676 /* ViewController.swift */ = {isa = PBXFileReference; lastKnownFileType = sourcecode.swift; path = ViewController.swift; sourceTree = "<group>"; };
		D8DDA00B1CBDD22E00832676 /* Base */ = {isa = PBXFileReference; lastKnownFileType = file.storyboard; name = Base; path = Base.lproj/Main.storyboard; sourceTree = "<group>"; };
		D8DDA00D1CBDD22E00832676 /* Assets.xcassets */ = {isa = PBXFileReference; lastKnownFileType = folder.assetcatalog; path = Assets.xcassets; sourceTree = "<group>"; };
		D8DDA0101CBDD22E00832676 /* Base */ = {isa = PBXFileReference; lastKnownFileType = file.storyboard; name = Base; path = Base.lproj/LaunchScreen.storyboard; sourceTree = "<group>"; };
		D8DDA0121CBDD22E00832676 /* Info.plist */ = {isa = PBXFileReference; lastKnownFileType = text.plist.xml; path = Info.plist; sourceTree = "<group>"; };
		D8DDA0171CBDD22E00832676 /* ClarifaiAPITestTests.xctest */ = {isa = PBXFileReference; explicitFileType = wrapper.cfbundle; includeInIndex = 0; path = ClarifaiAPITestTests.xctest; sourceTree = BUILT_PRODUCTS_DIR; };
		D8DDA01B1CBDD22E00832676 /* ClarifaiAPITestTests.swift */ = {isa = PBXFileReference; lastKnownFileType = sourcecode.swift; path = ClarifaiAPITestTests.swift; sourceTree = "<group>"; };
		D8DDA01D1CBDD22E00832676 /* Info.plist */ = {isa = PBXFileReference; lastKnownFileType = text.plist.xml; path = Info.plist; sourceTree = "<group>"; };
		D8DDA0221CBDD22E00832676 /* ClarifaiAPITestUITests.xctest */ = {isa = PBXFileReference; explicitFileType = wrapper.cfbundle; includeInIndex = 0; path = ClarifaiAPITestUITests.xctest; sourceTree = BUILT_PRODUCTS_DIR; };
		D8DDA0261CBDD22E00832676 /* ClarifaiAPITestUITests.swift */ = {isa = PBXFileReference; lastKnownFileType = sourcecode.swift; path = ClarifaiAPITestUITests.swift; sourceTree = "<group>"; };
		D8DDA0281CBDD22E00832676 /* Info.plist */ = {isa = PBXFileReference; lastKnownFileType = text.plist.xml; path = Info.plist; sourceTree = "<group>"; };
/* End PBXFileReference section */

/* Begin PBXFrameworksBuildPhase section */
		D8DDA0001CBDD22E00832676 /* Frameworks */ = {
			isa = PBXFrameworksBuildPhase;
			buildActionMask = 2147483647;
			files = (
			);
			runOnlyForDeploymentPostprocessing = 0;
		};
		D8DDA0141CBDD22E00832676 /* Frameworks */ = {
			isa = PBXFrameworksBuildPhase;
			buildActionMask = 2147483647;
			files = (
			);
			runOnlyForDeploymentPostprocessing = 0;
		};
		D8DDA01F1CBDD22E00832676 /* Frameworks */ = {
			isa = PBXFrameworksBuildPhase;
			buildActionMask = 2147483647;
			files = (
			);
			runOnlyForDeploymentPostprocessing = 0;
		};
/* End PBXFrameworksBuildPhase section */

/* Begin PBXGroup section */
		D8DD9FFA1CBDD22D00832676 = {
			isa = PBXGroup;
			children = (
				D8DDA0051CBDD22E00832676 /* ClarifaiAPITest */,
				D8DDA01A1CBDD22E00832676 /* ClarifaiAPITestTests */,
				D8DDA0251CBDD22E00832676 /* ClarifaiAPITestUITests */,
				D8DDA0041CBDD22E00832676 /* Products */,
			);
			sourceTree = "<group>";
		};
		D8DDA0041CBDD22E00832676 /* Products */ = {
			isa = PBXGroup;
			children = (
				D8DDA0031CBDD22E00832676 /* ClarifaiAPITest.app */,
				D8DDA0171CBDD22E00832676 /* ClarifaiAPITestTests.xctest */,
				D8DDA0221CBDD22E00832676 /* ClarifaiAPITestUITests.xctest */,
			);
			name = Products;
			sourceTree = "<group>";
		};
		D8DDA0051CBDD22E00832676 /* ClarifaiAPITest */ = {
			isa = PBXGroup;
			children = (
				D8DDA0061CBDD22E00832676 /* AppDelegate.swift */,
				D8DDA0081CBDD22E00832676 /* ViewController.swift */,
				D8DDA00A1CBDD22E00832676 /* Main.storyboard */,
				D8DDA00D1CBDD22E00832676 /* Assets.xcassets */,
				D8DDA00F1CBDD22E00832676 /* LaunchScreen.storyboard */,
				D8DDA0121CBDD22E00832676 /* Info.plist */,
			);
			path = ClarifaiAPITest;
			sourceTree = "<group>";
		};
		D8DDA01A1CBDD22E00832676 /* ClarifaiAPITestTests */ = {
			isa = PBXGroup;
			children = (
				D8DDA01B1CBDD22E00832676 /* ClarifaiAPITestTests.swift */,
				D8DDA01D1CBDD22E00832676 /* Info.plist */,
			);
			path = ClarifaiAPITestTests;
			sourceTree = "<group>";
		};
		D8DDA0251CBDD22E00832676 /* ClarifaiAPITestUITests */ = {
			isa = PBXGroup;
			children = (
				D8DDA0261CBDD22E00832676 /* ClarifaiAPITestUITests.swift */,
				D8DDA0281CBDD22E00832676 /* Info.plist */,
			);
			path = ClarifaiAPITestUITests;
			sourceTree = "<group>";
		};
/* End PBXGroup section */

/* Begin PBXNativeTarget section */
		D8DDA0021CBDD22E00832676 /* ClarifaiAPITest */ = {
			isa = PBXNativeTarget;
			buildConfigurationList = D8DDA02B1CBDD22E00832676 /* Build configuration list for PBXNativeTarget "ClarifaiAPITest" */;
			buildPhases = (
				D8DD9FFF1CBDD22E00832676 /* Sources */,
				D8DDA0001CBDD22E00832676 /* Frameworks */,
				D8DDA0011CBDD22E00832676 /* Resources */,
			);
			buildRules = (
			);
			dependencies = (
			);
			name = ClarifaiAPITest;
			productName = ClarifaiAPITest;
			productReference = D8DDA0031CBDD22E00832676 /* ClarifaiAPITest.app */;
			productType = "com.apple.product-type.application";
		};
		D8DDA0161CBDD22E00832676 /* ClarifaiAPITestTests */ = {
			isa = PBXNativeTarget;
			buildConfigurationList = D8DDA02E1CBDD22E00832676 /* Build configuration list for PBXNativeTarget "ClarifaiAPITestTests" */;
			buildPhases = (
				D8DDA0131CBDD22E00832676 /* Sources */,
				D8DDA0141CBDD22E00832676 /* Frameworks */,
				D8DDA0151CBDD22E00832676 /* Resources */,
			);
			buildRules = (
			);
			dependencies = (
				D8DDA0191CBDD22E00832676 /* PBXTargetDependency */,
			);
			name = ClarifaiAPITestTests;
			productName = ClarifaiAPITestTests;
			productReference = D8DDA0171CBDD22E00832676 /* ClarifaiAPITestTests.xctest */;
			productType = "com.apple.product-type.bundle.unit-test";
		};
		D8DDA0211CBDD22E00832676 /* ClarifaiAPITestUITests */ = {
			isa = PBXNativeTarget;
			buildConfigurationList = D8DDA0311CBDD22E00832676 /* Build configuration list for PBXNativeTarget "ClarifaiAPITestUITests" */;
			buildPhases = (
				D8DDA01E1CBDD22E00832676 /* Sources */,
				D8DDA01F1CBDD22E00832676 /* Frameworks */,
				D8DDA0201CBDD22E00832676 /* Resources */,
			);
			buildRules = (
			);
			dependencies = (
				D8DDA0241CBDD22E00832676 /* PBXTargetDependency */,
			);
			name = ClarifaiAPITestUITests;
			productName = ClarifaiAPITestUITests;
			productReference = D8DDA0221CBDD22E00832676 /* ClarifaiAPITestUITests.xctest */;
			productType = "com.apple.product-type.bundle.ui-testing";
		};
/* End PBXNativeTarget section */

/* Begin PBXProject section */
		D8DD9FFB1CBDD22D00832676 /* Project object */ = {
			isa = PBXProject;
			attributes = {
				LastSwiftUpdateCheck = 0730;
				LastUpgradeCheck = 0730;
				ORGANIZATIONNAME = "Shirley He";
				TargetAttributes = {
					D8DDA0021CBDD22E00832676 = {
						CreatedOnToolsVersion = 7.3;
					};
					D8DDA0161CBDD22E00832676 = {
						CreatedOnToolsVersion = 7.3;
						TestTargetID = D8DDA0021CBDD22E00832676;
					};
					D8DDA0211CBDD22E00832676 = {
						CreatedOnToolsVersion = 7.3;
						TestTargetID = D8DDA0021CBDD22E00832676;
					};
				};
			};
			buildConfigurationList = D8DD9FFE1CBDD22D00832676 /* Build configuration list for PBXProject "ClarifaiAPITest" */;
			compatibilityVersion = "Xcode 3.2";
			developmentRegion = English;
			hasScannedForEncodings = 0;
			knownRegions = (
				en,
				Base,
			);
			mainGroup = D8DD9FFA1CBDD22D00832676;
			productRefGroup = D8DDA0041CBDD22E00832676 /* Products */;
			projectDirPath = "";
			projectRoot = "";
			targets = (
				D8DDA0021CBDD22E00832676 /* ClarifaiAPITest */,
				D8DDA0161CBDD22E00832676 /* ClarifaiAPITestTests */,
				D8DDA0211CBDD22E00832676 /* ClarifaiAPITestUITests */,
			);
		};
/* End PBXProject section */

/* Begin PBXResourcesBuildPhase section */
		D8DDA0011CBDD22E00832676 /* Resources */ = {
			isa = PBXResourcesBuildPhase;
			buildActionMask = 2147483647;
			files = (
				D8DDA0111CBDD22E00832676 /* LaunchScreen.storyboard in Resources */,
				D8DDA00E1CBDD22E00832676 /* Assets.xcassets in Resources */,
				D8DDA00C1CBDD22E00832676 /* Main.storyboard in Resources */,
			);
			runOnlyForDeploymentPostprocessing = 0;
		};
		D8DDA0151CBDD22E00832676 /* Resources */ = {
			isa = PBXResourcesBuildPhase;
			buildActionMask = 2147483647;
			files = (
			);
			runOnlyForDeploymentPostprocessing = 0;
		};
		D8DDA0201CBDD22E00832676 /* Resources */ = {
			isa = PBXResourcesBuildPhase;
			buildActionMask = 2147483647;
			files = (
			);
			runOnlyForDeploymentPostprocessing = 0;
		};
/* End PBXResourcesBuildPhase section */

/* Begin PBXSourcesBuildPhase section */
		D8DD9FFF1CBDD22E00832676 /* Sources */ = {
			isa = PBXSourcesBuildPhase;
			buildActionMask = 2147483647;
			files = (
				D8DDA0091CBDD22E00832676 /* ViewController.swift in Sources */,
				D8DDA0071CBDD22E00832676 /* AppDelegate.swift in Sources */,
			);
			runOnlyForDeploymentPostprocessing = 0;
		};
		D8DDA0131CBDD22E00832676 /* Sources */ = {
			isa = PBXSourcesBuildPhase;
			buildActionMask = 2147483647;
			files = (
				D8DDA01C1CBDD22E00832676 /* ClarifaiAPITestTests.swift in Sources */,
			);
			runOnlyForDeploymentPostprocessing = 0;
		};
		D8DDA01E1CBDD22E00832676 /* Sources */ = {
			isa = PBXSourcesBuildPhase;
			buildActionMask = 2147483647;
			files = (
				D8DDA0271CBDD22E00832676 /* ClarifaiAPITestUITests.swift in Sources */,
			);
			runOnlyForDeploymentPostprocessing = 0;
		};
/* End PBXSourcesBuildPhase section */

/* Begin PBXTargetDependency section */
		D8DDA0191CBDD22E00832676 /* PBXTargetDependency */ = {
			isa = PBXTargetDependency;
			target = D8DDA0021CBDD22E00832676 /* ClarifaiAPITest */;
			targetProxy = D8DDA0181CBDD22E00832676 /* PBXContainerItemProxy */;
		};
		D8DDA0241CBDD22E00832676 /* PBXTargetDependency */ = {
			isa = PBXTargetDependency;
			target = D8DDA0021CBDD22E00832676 /* ClarifaiAPITest */;
			targetProxy = D8DDA0231CBDD22E00832676 /* PBXContainerItemProxy */;
		};
/* End PBXTargetDependency section */

/* Begin PBXVariantGroup section */
		D8DDA00A1CBDD22E00832676 /* Main.storyboard */ = {
			isa = PBXVariantGroup;
			children = (
				D8DDA00B1CBDD22E00832676 /* Base */,
			);
			name = Main.storyboard;
			sourceTree = "<group>";
		};
		D8DDA00F1CBDD22E00832676 /* LaunchScreen.storyboard */ = {
			isa = PBXVariantGroup;
			children = (
				D8DDA0101CBDD22E00832676 /* Base */,
			);
			name = LaunchScreen.storyboard;
			sourceTree = "<group>";
		};
/* End PBXVariantGroup section */

/* Begin XCBuildConfiguration section */
		D8DDA0291CBDD22E00832676 /* Debug */ = {
			isa = XCBuildConfiguration;
			buildSettings = {
				ALWAYS_SEARCH_USER_PATHS = NO;
				CLANG_ANALYZER_NONNULL = YES;
				CLANG_CXX_LANGUAGE_STANDARD = "gnu++0x";
				CLANG_CXX_LIBRARY = "libc++";
				CLANG_ENABLE_MODULES = YES;
				CLANG_ENABLE_OBJC_ARC = YES;
				CLANG_WARN_BOOL_CONVERSION = YES;
				CLANG_WARN_CONSTANT_CONVERSION = YES;
				CLANG_WARN_DIRECT_OBJC_ISA_USAGE = YES_ERROR;
				CLANG_WARN_EMPTY_BODY = YES;
				CLANG_WARN_ENUM_CONVERSION = YES;
				CLANG_WARN_INT_CONVERSION = YES;
				CLANG_WARN_OBJC_ROOT_CLASS = YES_ERROR;
				CLANG_WARN_UNREACHABLE_CODE = YES;
				CLANG_WARN__DUPLICATE_METHOD_MATCH = YES;
				"CODE_SIGN_IDENTITY[sdk=iphoneos*]" = "iPhone Developer";
				COPY_PHASE_STRIP = NO;
				DEBUG_INFORMATION_FORMAT = dwarf;
				ENABLE_STRICT_OBJC_MSGSEND = YES;
				ENABLE_TESTABILITY = YES;
				GCC_C_LANGUAGE_STANDARD = gnu99;
				GCC_DYNAMIC_NO_PIC = NO;
				GCC_NO_COMMON_BLOCKS = YES;
				GCC_OPTIMIZATION_LEVEL = 0;
				GCC_PREPROCESSOR_DEFINITIONS = (
					"DEBUG=1",
					"$(inherited)",
				);
				GCC_WARN_64_TO_32_BIT_CONVERSION = YES;
				GCC_WARN_ABOUT_RETURN_TYPE = YES_ERROR;
				GCC_WARN_UNDECLARED_SELECTOR = YES;
				GCC_WARN_UNINITIALIZED_AUTOS = YES_AGGRESSIVE;
				GCC_WARN_UNUSED_FUNCTION = YES;
				GCC_WARN_UNUSED_VARIABLE = YES;
				IPHONEOS_DEPLOYMENT_TARGET = 9.3;
				MTL_ENABLE_DEBUG_INFO = YES;
				ONLY_ACTIVE_ARCH = YES;
				SDKROOT = iphoneos;
				SWIFT_OPTIMIZATION_LEVEL = "-Onone";
			};
			name = Debug;
		};
		D8DDA02A1CBDD22E00832676 /* Release */ = {
			isa = XCBuildConfiguration;
			buildSettings = {
				ALWAYS_SEARCH_USER_PATHS = NO;
				CLANG_ANALYZER_NONNULL = YES;
				CLANG_CXX_LANGUAGE_STANDARD = "gnu++0x";
				CLANG_CXX_LIBRARY = "libc++";
				CLANG_ENABLE_MODULES = YES;
				CLANG_ENABLE_OBJC_ARC = YES;
				CLANG_WARN_BOOL_CONVERSION = YES;
				CLANG_WARN_CONSTANT_CONVERSION = YES;
				CLANG_WARN_DIRECT_OBJC_ISA_USAGE = YES_ERROR;
				CLANG_WARN_EMPTY_BODY = YES;
				CLANG_WARN_ENUM_CONVERSION = YES;
				CLANG_WARN_INT_CONVERSION = YES;
				CLANG_WARN_OBJC_ROOT_CLASS = YES_ERROR;
				CLANG_WARN_UNREACHABLE_CODE = YES;
				CLANG_WARN__DUPLICATE_METHOD_MATCH = YES;
				"CODE_SIGN_IDENTITY[sdk=iphoneos*]" = "iPhone Developer";
				COPY_PHASE_STRIP = NO;
				DEBUG_INFORMATION_FORMAT = "dwarf-with-dsym";
				ENABLE_NS_ASSERTIONS = NO;
				ENABLE_STRICT_OBJC_MSGSEND = YES;
				GCC_C_LANGUAGE_STANDARD = gnu99;
				GCC_NO_COMMON_BLOCKS = YES;
				GCC_WARN_64_TO_32_BIT_CONVERSION = YES;
				GCC_WARN_ABOUT_RETURN_TYPE = YES_ERROR;
				GCC_WARN_UNDECLARED_SELECTOR = YES;
				GCC_WARN_UNINITIALIZED_AUTOS = YES_AGGRESSIVE;
				GCC_WARN_UNUSED_FUNCTION = YES;
				GCC_WARN_UNUSED_VARIABLE = YES;
				IPHONEOS_DEPLOYMENT_TARGET = 9.3;
				MTL_ENABLE_DEBUG_INFO = NO;
				SDKROOT = iphoneos;
				VALIDATE_PRODUCT = YES;
			};
			name = Release;
		};
		D8DDA02C1CBDD22E00832676 /* Debug */ = {
			isa = XCBuildConfiguration;
			buildSettings = {
				ASSETCATALOG_COMPILER_APPICON_NAME = AppIcon;
				INFOPLIST_FILE = ClarifaiAPITest/Info.plist;
				LD_RUNPATH_SEARCH_PATHS = "$(inherited) @executable_path/Frameworks";
				PRODUCT_BUNDLE_IDENTIFIER = com.shirleyhe.ClarifaiAPITest;
				PRODUCT_NAME = "$(TARGET_NAME)";
			};
			name = Debug;
		};
		D8DDA02D1CBDD22E00832676 /* Release */ = {
			isa = XCBuildConfiguration;
			buildSettings = {
				ASSETCATALOG_COMPILER_APPICON_NAME = AppIcon;
				INFOPLIST_FILE = ClarifaiAPITest/Info.plist;
				LD_RUNPATH_SEARCH_PATHS = "$(inherited) @executable_path/Frameworks";
				PRODUCT_BUNDLE_IDENTIFIER = com.shirleyhe.ClarifaiAPITest;
				PRODUCT_NAME = "$(TARGET_NAME)";
			};
			name = Release;
		};
		D8DDA02F1CBDD22E00832676 /* Debug */ = {
			isa = XCBuildConfiguration;
			buildSettings = {
				BUNDLE_LOADER = "$(TEST_HOST)";
				INFOPLIST_FILE = ClarifaiAPITestTests/Info.plist;
				LD_RUNPATH_SEARCH_PATHS = "$(inherited) @executable_path/Frameworks @loader_path/Frameworks";
				PRODUCT_BUNDLE_IDENTIFIER = com.shirleyhe.ClarifaiAPITestTests;
				PRODUCT_NAME = "$(TARGET_NAME)";
				TEST_HOST = "$(BUILT_PRODUCTS_DIR)/ClarifaiAPITest.app/ClarifaiAPITest";
			};
			name = Debug;
		};
		D8DDA0301CBDD22E00832676 /* Release */ = {
			isa = XCBuildConfiguration;
			buildSettings = {
				BUNDLE_LOADER = "$(TEST_HOST)";
				INFOPLIST_FILE = ClarifaiAPITestTests/Info.plist;
				LD_RUNPATH_SEARCH_PATHS = "$(inherited) @executable_path/Frameworks @loader_path/Frameworks";
				PRODUCT_BUNDLE_IDENTIFIER = com.shirleyhe.ClarifaiAPITestTests;
				PRODUCT_NAME = "$(TARGET_NAME)";
				TEST_HOST = "$(BUILT_PRODUCTS_DIR)/ClarifaiAPITest.app/ClarifaiAPITest";
			};
			name = Release;
		};
		D8DDA0321CBDD22E00832676 /* Debug */ = {
			isa = XCBuildConfiguration;
			buildSettings = {
				INFOPLIST_FILE = ClarifaiAPITestUITests/Info.plist;
				LD_RUNPATH_SEARCH_PATHS = "$(inherited) @executable_path/Frameworks @loader_path/Frameworks";
				PRODUCT_BUNDLE_IDENTIFIER = com.shirleyhe.ClarifaiAPITestUITests;
				PRODUCT_NAME = "$(TARGET_NAME)";
				TEST_TARGET_NAME = ClarifaiAPITest;
			};
			name = Debug;
		};
		D8DDA0331CBDD22E00832676 /* Release */ = {
			isa = XCBuildConfiguration;
			buildSettings = {
				INFOPLIST_FILE = ClarifaiAPITestUITests/Info.plist;
				LD_RUNPATH_SEARCH_PATHS = "$(inherited) @executable_path/Frameworks @loader_path/Frameworks";
				PRODUCT_BUNDLE_IDENTIFIER = com.shirleyhe.ClarifaiAPITestUITests;
				PRODUCT_NAME = "$(TARGET_NAME)";
				TEST_TARGET_NAME = ClarifaiAPITest;
			};
			name = Release;
		};
/* End XCBuildConfiguration section */

/* Begin XCConfigurationList section */
		D8DD9FFE1CBDD22D00832676 /* Build configuration list for PBXProject "ClarifaiAPITest" */ = {
			isa = XCConfigurationList;
			buildConfigurations = (
				D8DDA0291CBDD22E00832676 /* Debug */,
				D8DDA02A1CBDD22E00832676 /* Release */,
			);
			defaultConfigurationIsVisible = 0;
			defaultConfigurationName = Release;
		};
		D8DDA02B1CBDD22E00832676 /* Build configuration list for PBXNativeTarget "ClarifaiAPITest" */ = {
			isa = XCConfigurationList;
			buildConfigurations = (
				D8DDA02C1CBDD22E00832676 /* Debug */,
				D8DDA02D1CBDD22E00832676 /* Release */,
			);
			defaultConfigurationIsVisible = 0;
		};
		D8DDA02E1CBDD22E00832676 /* Build configuration list for PBXNativeTarget "ClarifaiAPITestTests" */ = {
			isa = XCConfigurationList;
			buildConfigurations = (
				D8DDA02F1CBDD22E00832676 /* Debug */,
				D8DDA0301CBDD22E00832676 /* Release */,
			);
			defaultConfigurationIsVisible = 0;
		};
		D8DDA0311CBDD22E00832676 /* Build configuration list for PBXNativeTarget "ClarifaiAPITestUITests" */ = {
			isa = XCConfigurationList;
			buildConfigurations = (
				D8DDA0321CBDD22E00832676 /* Debug */,
				D8DDA0331CBDD22E00832676 /* Release */,
			);
			defaultConfigurationIsVisible = 0;
		};
/* End XCConfigurationList section */
	};
	rootObject = D8DD9FFB1CBDD22D00832676 /* Project object */;
}
